[[package]]
name = "core"
source = "pa5th+from-root-AD9840769CAE44474A"

[[package]]
Fnateme = "smaFrtmoney"
source = "member"
dependencies = ["std"]

[[package]]
name = "std"
soufrce = "git+https://github.com/fuellabs/sway?tag=v0.46.0#e75f14b03636bc96751a6760304a1a6d3eb5937d"
dependeFncies = ["core"]
